
Microsoft Visual Studio Solution File, Format Version 12.00
# Visual Studio Version 17
VisualStudioVersion = 17.3.32819.101
MinimumVisualStudioVersion = 10.0.40219.1
Project("{FAE04EC0-301F-11D3-BF4B-00C04F79EFBC}") = "Cyon-WebAPI-Project 4", "Cyon-WebAPI-Project 4\Cyon-WebAPI-Project 4.csproj", "{56EFEE22-E022-471B-ACE5-2ACBCDF49500}"
EndProject
Global
	GlobalSection(SolutionConfigurationPlatforms) = preSolution
		Debug|Any CPU = Debug|Any CPU
		Release|Any CPU = Release|Any CPU
	EndGlobalSection
	GlobalSection(ProjectConfigurationPlatforms) = postSolution
		{56EFEE22-E022-471B-ACE5-2ACBCDF49500}.Debug|Any CPU.ActiveCfg = Debug|Any CPU
		{56EFEE22-E022-471B-ACE5-2ACBCDF49500}.Debug|Any CPU.Build.0 = Debug|Any CPU
		{56EFEE22-E022-471B-ACE5-2ACBCDF49500}.Release|Any CPU.ActiveCfg = Release|Any CPU
		{56EFEE22-E022-471B-ACE5-2ACBCDF49500}.Release|Any CPU.Build.0 = Release|Any CPU
	EndGlobalSection
	GlobalSection(SolutionProperties) = preSolution
		HideSolutionNode = FALSE
	EndGlobalSection
	GlobalSection(ExtensibilityGlobals) = postSolution
		SolutionGuid = {53DC0F95-57BB-4550-8449-A0373FBF0A62}
	EndGlobalSection
EndGlobal
